# This file was autogenerated by Stack.
# You should not edit this file by hand.
# For more information, please see the documentation at:
#   https://docs.haskellstack.org/en/stable/lock_files

packages:
- completed:
    commit: 86916c1274dbfb570c59f2b8f7cb48c7ef87f133
    git: https://github.com/tathougies/beam.git
    name: beam-core
    pantry-tree:
      sha256: c56d0ac5021efa997c2ddfc95dd9f88e30ac1fea08eddd7922316cc2f050b38d
      size: 2705
    subdir: beam-core
    version: 0.10.1.0
  original:
    commit: 86916c1274dbfb570c59f2b8f7cb48c7ef87f133
    git: https://github.com/tathougies/beam.git
    subdir: beam-core
- completed:
    commit: 86916c1274dbfb570c59f2b8f7cb48c7ef87f133
    git: https://github.com/tathougies/beam.git
    name: beam-sqlite
    pantry-tree:
      sha256: 2e01d08b93f6160ff32f8d5ed978dce113ed6cd4eca99a6f587946b8b1b873ba
      size: 1229
    subdir: beam-sqlite
    version: 0.5.3.0
  original:
    commit: 86916c1274dbfb570c59f2b8f7cb48c7ef87f133
    git: https://github.com/tathougies/beam.git
    subdir: beam-sqlite
- completed:
    hackage: sqlite-simple-0.4.18.2@sha256:dda1643e723591c880dda8eeba73e93502cfa775078a79da55b5efec4c52ff66,3028
    pantry-tree:
      sha256: 64443740f279b344aecb3389ec8f69ea04d171916a9ed23f8fa529dd3ae75540
      size: 1930
  original:
    hackage: sqlite-simple-0.4.18.2
- completed:
    hackage: beam-migrate-0.5.2.1@sha256:1ad12bcf5c6e092b9dd5f2a8c23f62dde07bb9e04198b0f59dc5fac855d18bf8,4924
    pantry-tree:
      sha256: cc5024fae77beeca8c7e24bc00f1e04474cfc23461b41d2cd10ddcce52f764ba
      size: 1721
  original:
    hackage: beam-migrate-0.5.2.1@sha256:1ad12bcf5c6e092b9dd5f2a8c23f62dde07bb9e04198b0f59dc5fac855d18bf8,4924
- completed:
    hackage: ihp-hsx-1.1.0@sha256:d72b1bba5503dc75bbf281d20fa53544618bb9d9e789083e5d26e06d00675743,2620
    pantry-tree:
      sha256: f779fc429986f67a82198117b5878eac453f6e517e3ae4f8fa2bdee8c7c4e7c2
      size: 574
  original:
    hackage: ihp-hsx-1.1.0
- completed:
    hackage: megaparsec-9.2.2@sha256:c306a135ec25d91d252032c6128f03598a00e87ea12fcf5fc4878fdffc75c768,3219
    pantry-tree:
      sha256: db9715d6910e64d3bbfce69895042a66fcdcd64a54805563834bf0821562b74f
      size: 1518
  original:
    hackage: megaparsec-9.2.2
snapshots:
- completed:
    sha256: 350737ef1c4c748f4c7ff56b6e74f2f6d15039a2f148662a8ec1aded016b80d0
    size: 640033
    url: https://raw.githubusercontent.com/commercialhaskell/stackage-snapshots/master/lts/21/15.yaml
  original:
    url: https://raw.githubusercontent.com/commercialhaskell/stackage-snapshots/master/lts/21/15.yaml
