# This file was autogenerated by Stack.
# You should not edit this file by hand.
# For more information, please see the documentation at:
#   https://docs.haskellstack.org/en/stable/lock_files

packages:
- completed:
    hackage: ihp-hsx-1.1.0@sha256:d72b1bba5503dc75bbf281d20fa53544618bb9d9e789083e5d26e06d00675743,2620
    pantry-tree:
      sha256: f779fc429986f67a82198117b5878eac453f6e517e3ae4f8fa2bdee8c7c4e7c2
      size: 574
  original:
    hackage: ihp-hsx-1.1.0
- completed:
    hackage: megaparsec-9.2.2@sha256:c306a135ec25d91d252032c6128f03598a00e87ea12fcf5fc4878fdffc75c768,3219
    pantry-tree:
      sha256: db9715d6910e64d3bbfce69895042a66fcdcd64a54805563834bf0821562b74f
      size: 1518
  original:
    hackage: megaparsec-9.2.2
- completed:
    hackage: fuzzyfind-3.0.1@sha256:78f89c1d79adf0a15fa2e57c693d42b4765ccfbbe380d0c9d7da6bff9f124f85,1823
    pantry-tree:
      sha256: 46f001ec2725d3172161c993bc8fbcf0514e3ba736f868fe2c2655e1ff49dad1
      size: 542
  original:
    hackage: fuzzyfind-3.0.1
snapshots:
- completed:
    sha256: 350737ef1c4c748f4c7ff56b6e74f2f6d15039a2f148662a8ec1aded016b80d0
    size: 640033
    url: https://raw.githubusercontent.com/commercialhaskell/stackage-snapshots/master/lts/21/15.yaml
  original:
    url: https://raw.githubusercontent.com/commercialhaskell/stackage-snapshots/master/lts/21/15.yaml
